GEM
  remote: https://rubygems.org/
  specs:
    activesupport (8.1.3)
      base64
      bigdecimal
      concurrent-ruby (~> 1.0, >= 1.3.1)
      connection_pool (>= 2.2.5)
      drb
      i18n (>= 1.6, < 2)
      json
      logger (>= 1.4.2)
      minitest (>= 5.1)
      securerandom (>= 0.3)
      tzinfo (~> 2.0, >= 2.0.5)
      uri (>= 0.13.1)
    addressable (2.9.0)
      public_suffix (>= 2.0.2, < 8.0)
    base64 (0.3.0)
    bigdecimal (4.1.1)
    coderay (1.1.3)
    concurrent-ruby (1.3.6)
    connection_pool (3.0.2)
    cri (2.15.12)
    ddmetrics (1.1.0)
    ddplugin (1.0.3)
    diff-lcs (1.6.2)
    drb (2.2.3)
    govuk_markdown (2.0.4)
      activesupport
      redcarpet
    i18n (1.14.8)
      concurrent-ruby (~> 1.0)
    immutable-ruby (0.2.0)
      concurrent-ruby (~> 1.1)
      sorted_set (~> 1.0)
    io-console (0.8.2)
    json (2.19.3)
    json_schema (0.21.0)
    logger (1.7.0)
    memo_wise (1.13.0)
    method_source (1.1.0)
    minitest (6.0.4)
      drb (~> 2.0)
      prism (~> 1.5)
    nanoc (4.14.7)
      addressable (~> 2.5)
      nanoc-checking (~> 1.0, >= 1.0.2)
      nanoc-cli (= 4.14.7)
      nanoc-core (= 4.14.7)
      nanoc-deploying (~> 1.0)
      parallel (~> 1.12)
      tty-command (~> 0.8)
      tty-which (~> 0.4)
    nanoc-checking (1.0.6)
      nanoc-cli (~> 4.12, >= 4.12.5)
      nanoc-core (~> 4.12, >= 4.12.5)
    nanoc-cli (4.14.7)
      cri (~> 2.15)
      diff-lcs (~> 1.3)
      logger (~> 1.6)
      nanoc-core (= 4.14.7)
      pry
      zeitwerk (~> 2.1)
    nanoc-core (4.14.7)
      base64 (~> 0.2)
      concurrent-ruby (~> 1.1)
      ddmetrics (~> 1.0)
      ddplugin (~> 1.0)
      immutable-ruby (~> 0.1)
      json_schema (~> 0.19)
      memo_wise (~> 1.5)
      slow_enumerator_tools (~> 1.0)
      tty-platform (~> 0.2)
      zeitwerk (~> 2.1)
    nanoc-deploying (1.0.3)
      nanoc-checking (~> 1.0)
      nanoc-cli (~> 4.11, >= 4.11.15)
      nanoc-core (~> 4.11, >= 4.11.15)
    parallel (1.28.0)
    pastel (0.8.0)
      tty-color (~> 0.5)
    prism (1.9.0)
    pry (0.16.0)
      coderay (~> 1.1)
      method_source (~> 1.0)
      reline (>= 0.6.0)
    public_suffix (7.0.5)
    rbtree (0.4.6)
    redcarpet (3.6.1)
    reline (0.6.3)
      io-console (~> 0.5)
    securerandom (0.4.1)
    slow_enumerator_tools (1.1.0)
    sorted_set (1.1.0)
      rbtree
    tty-color (0.6.0)
    tty-command (0.10.1)
      pastel (~> 0.8)
    tty-platform (0.3.0)
    tty-which (0.5.0)
    tzinfo (2.0.6)
      concurrent-ruby (~> 1.0)
    uri (1.1.1)
    webrick (1.9.2)
    zeitwerk (2.7.5)

PLATFORMS
  x64-mingw-ucrt
  x86_64-linux

DEPENDENCIES
  govuk_markdown
  nanoc (~> 4.14)
  webrick (~> 1.9)

CHECKSUMS
  activesupport (8.1.3) sha256=21a5e0dfbd4c3ddd9e1317ec6a4d782fa226e7867dc70b0743acda81a1dca20e
  addressable (2.9.0) sha256=7fdf6ac3660f7f4e867a0838be3f6cf722ace541dd97767fa42bc6cfa980c7af
  base64 (0.3.0) sha256=27337aeabad6ffae05c265c450490628ef3ebd4b67be58257393227588f5a97b
  bigdecimal (4.1.1) sha256=1c09efab961da45203c8316b0cdaec0ff391dfadb952dd459584b63ebf8054ca
  coderay (1.1.3) sha256=dc530018a4684512f8f38143cd2a096c9f02a1fc2459edcfe534787a7fc77d4b
  concurrent-ruby (1.3.6) sha256=6b56837e1e7e5292f9864f34b69c5a2cbc75c0cf5338f1ce9903d10fa762d5ab
  connection_pool (3.0.2) sha256=33fff5ba71a12d2aa26cb72b1db8bba2a1a01823559fb01d29eb74c286e62e0a
  cri (2.15.12) sha256=8abfe924ef53e772a8e4ee907e791d3bfcfca78bc62a5859e3b9899ba29956e5
  ddmetrics (1.1.0) sha256=ec51ebc809c6c2f0e3b760c7030f2f570affa7553532d673093888107b0aed06
  ddplugin (1.0.3) sha256=5b270a7b77b49e104699886638758d283901f24c38231baf89c132894dde0b92
  diff-lcs (1.6.2) sha256=9ae0d2cba7d4df3075fe8cd8602a8604993efc0dfa934cff568969efb1909962
  drb (2.2.3) sha256=0b00d6fdb50995fe4a45dea13663493c841112e4068656854646f418fda13373
  govuk_markdown (2.0.4) sha256=c744f0a041607d60942c24dcf3d8fd24eaf73c4eb8299ea025455691a211242e
  i18n (1.14.8) sha256=285778639134865c5e0f6269e0b818256017e8cde89993fdfcbfb64d088824a5
  immutable-ruby (0.2.0) sha256=1ab896e0d9c8c3fe21ddc3dd29be87511da2f6b0970c5a1c36838a9a4a4605e7
  io-console (0.8.2) sha256=d6e3ae7a7cc7574f4b8893b4fca2162e57a825b223a177b7afa236c5ef9814cc
  json (2.19.3) sha256=289b0bb53052a1fa8c34ab33cc750b659ba14a5c45f3fcf4b18762dc67c78646
  json_schema (0.21.0) sha256=d6e1eaf004a5185b7679eee34286a79d48e467d794ff68981d72ad23d3b2ec5b
  logger (1.7.0) sha256=196edec7cc44b66cfb40f9755ce11b392f21f7967696af15d274dde7edff0203
  memo_wise (1.13.0) sha256=30220c38c4cef410849bc73553c58664dc2c91c6379e4a1df22aea02358b716b
  method_source (1.1.0) sha256=181301c9c45b731b4769bc81e8860e72f9161ad7d66dd99103c9ab84f560f5c5
  minitest (6.0.4) sha256=df1304664589d40f46089247fdc451f866b0ce0d7cae1457a15fc1eb7d48dca1
  nanoc (4.14.7) sha256=95fcf352e1672238b7fdfe60795478dc24cd215a2f7ce1f087a5d4c2c8208a9b
  nanoc-checking (1.0.6) sha256=dd1d3c57cc75a9580f082c77dfa22221806ff65d28b25b1ab0c7471455bdd481
  nanoc-cli (4.14.7) sha256=80203abbd5b06f04cd107147074fafef18130b608e84b590eeb22da0e8c81ecb
  nanoc-core (4.14.7) sha256=f96bfd2bf38bf519cdcb2268bb87bf5a057a7dd1b4b9f208d91e90a8a12913ce
  nanoc-deploying (1.0.3) sha256=ca583eab659a3dd92aa8ff227c089af6042c85b0e9fc1d7ce527798eb974fc5b
  parallel (1.28.0) sha256=33e6de1484baf2524792d178b0913fc8eb94c628d6cfe45599ad4458c638c970
  pastel (0.8.0) sha256=481da9fb7d2f6e6b1a08faf11fa10363172dc40fd47848f096ae21209f805a75
  prism (1.9.0) sha256=7b530c6a9f92c24300014919c9dcbc055bf4cdf51ec30aed099b06cd6674ef85
  pry (0.16.0) sha256=d76c69065698ed1f85e717bd33d7942c38a50868f6b0673c636192b3d1b6054e
  public_suffix (7.0.5) sha256=1a8bb08f1bbea19228d3bed6e5ed908d1cb4f7c2726d18bd9cadf60bc676f623
  rbtree (0.4.6) sha256=14eea4469b24fd2472542e5f3eb105d6344c8ccf36f0b56d55fdcfeb4e0f10fc
  redcarpet (3.6.1) sha256=d444910e6aa55480c6bcdc0cdb057626e8a32c054c29e793fa642ba2f155f445
  reline (0.6.3) sha256=1198b04973565b36ec0f11542ab3f5cfeeec34823f4e54cebde90968092b1835
  securerandom (0.4.1) sha256=cc5193d414a4341b6e225f0cb4446aceca8e50d5e1888743fac16987638ea0b1
  slow_enumerator_tools (1.1.0) sha256=e61a598f1c8309ac731d21659a79767c20ff345458cfc70819ae57df25910e5e
  sorted_set (1.1.0) sha256=bac01eb16b6bcfcdb7d732a28e87422be8b5c9fdcfeadbe9072682407524ee83
  tty-color (0.6.0) sha256=6f9c37ca3a4e2367fb2e6d09722762647d6f455c111f05b59f35730eeb24332a
  tty-command (0.10.1) sha256=0c6c471fcb932d55518734eb4e2e07e9efdd2918713cc39bb7393ba862471192
  tty-platform (0.3.0) sha256=e23937b100e84a1bf9ce32352b4c04d526da1c2510668ce1f27f8ae79142050a
  tty-which (0.5.0) sha256=5824055f0d6744c97e7c4426544f01d519c40d1806ef2ef47d9854477993f466
  tzinfo (2.0.6) sha256=8daf828cc77bcf7d63b0e3bdb6caa47e2272dcfaf4fbfe46f8c3a9df087a829b
  uri (1.1.1) sha256=379fa58d27ffb1387eaada68c749d1426738bd0f654d812fcc07e7568f5c57c6
  webrick (1.9.2) sha256=beb4a15fc474defed24a3bda4ffd88a490d517c9e4e6118c3edce59e45864131
  zeitwerk (2.7.5) sha256=d8da92128c09ea6ec62c949011b00ed4a20242b255293dd66bf41545398f73dd

BUNDLED WITH
   2.6.9
