
Microsoft Visual Studio Solution File, Format Version 12.00
# Visual Studio Version 17
VisualStudioVersion = 17.0.32014.148
MinimumVisualStudioVersion = 10.0.40219.1
Project("{FAE04EC0-301F-11D3-BF4B-00C04F79EFBC}") = "Edubase.Data", "Edubase.Data\Edubase.Data.csproj", "{8C3D6834-3FA1-440A-A396-6489E22E8063}"
EndProject
Project("{FAE04EC0-301F-11D3-BF4B-00C04F79EFBC}") = "Edubase.Services", "Edubase.Services\Edubase.Services.csproj", "{D605ACE4-2659-48DC-BF21-94E7B8D230DA}"
EndProject
Project("{FAE04EC0-301F-11D3-BF4B-00C04F79EFBC}") = "Edubase.Common", "Edubase.Common\Edubase.Common.csproj", "{8E4A0F2B-368F-4C22-8723-7E234A8C46F3}"
EndProject
Project("{FAE04EC0-301F-11D3-BF4B-00C04F79EFBC}") = "Edubase.Web.UI", "Edubase.Web.UI\Edubase.Web.UI.csproj", "{F32E2A2E-6782-4293-B533-284FF1B17FF6}"
EndProject
Project("{FAE04EC0-301F-11D3-BF4B-00C04F79EFBC}") = "Edubase.Services.Texuna", "Edubase.Services.Texuna\Edubase.Services.Texuna.csproj", "{B42EFCA1-48E9-4C63-9FB3-7BE4D2F22EFB}"
EndProject
Project("{FAE04EC0-301F-11D3-BF4B-00C04F79EFBC}") = "Edubase.Web.Resources", "Edubase.Web.Resources\Edubase.Web.Resources.csproj", "{7BB77B74-4669-44B7-85C0-F7980274C105}"
EndProject
Project("{2150E333-8FDC-42A3-9474-1A3956D46DE8}") = "Solution Items", "Solution Items", "{5831CAFE-9479-4D97-817A-A419E99E2B02}"
	ProjectSection(SolutionItems) = preProject
		.editorconfig = .editorconfig
	EndProjectSection
EndProject
Project("{2150E333-8FDC-42A3-9474-1A3956D46DE8}") = "Tests", "Tests", "{F2669A17-B808-472E-ADE7-0BE8E61BDAE3}"
EndProject
Project("{FAE04EC0-301F-11D3-BF4B-00C04F79EFBC}") = "Edubase.CommonUnitTests", "Edubase.CommonUnitTests\Edubase.CommonUnitTests.csproj", "{C40D68A8-5748-4FDA-A82C-8E171FA2EE43}"
EndProject
Project("{FAE04EC0-301F-11D3-BF4B-00C04F79EFBC}") = "Edubase.DataUnitTests", "Edubase.DataUnitTests\Edubase.DataUnitTests.csproj", "{51BF61CC-040F-4CA4-8571-0B10D56B56B1}"
EndProject
Project("{FAE04EC0-301F-11D3-BF4B-00C04F79EFBC}") = "Edubase.ServicesUnitTests", "Edubase.ServicesUnitTests\Edubase.ServicesUnitTests.csproj", "{9708EF96-6579-4C74-A044-7916972BFB07}"
EndProject
Project("{9A19103F-16F7-4668-BE54-9A1E7A4F7556}") = "Edubase.Web.ResourcesUnitTests", "Edubase.Web.ResourcesUnitTests\Edubase.Web.ResourcesUnitTests.csproj", "{97624040-4B3F-41E0-9F37-E3F166C38931}"
EndProject
Project("{9A19103F-16F7-4668-BE54-9A1E7A4F7556}") = "Edubase.Web.UIUnitTests", "Edubase.Web.UIUnitTests\Edubase.Web.UIUnitTests.csproj", "{041CB9C1-ABF4-4FF0-9260-AC63F700704E}"
EndProject
Project("{FAE04EC0-301F-11D3-BF4B-00C04F79EFBC}") = "Edubase.Services.TexunaUnitTests", "Edubase.Services.TexunaUnitTests\Edubase.Services.TexunaUnitTests.csproj", "{F1905AE0-B4EC-4F4A-8241-E8EB12249F3A}"
EndProject
Global
	GlobalSection(SolutionConfigurationPlatforms) = preSolution
		Debug (QA)|Any CPU = Debug (QA)|Any CPU
		Debug (QA)|x64 = Debug (QA)|x64
		Debug (QA)|x86 = Debug (QA)|x86
		Debug|Any CPU = Debug|Any CPU
		Debug|x64 = Debug|x64
		Debug|x86 = Debug|x86
		Debug-TexunaAPI|Any CPU = Debug-TexunaAPI|Any CPU
		Debug-TexunaAPI|x64 = Debug-TexunaAPI|x64
		Debug-TexunaAPI|x86 = Debug-TexunaAPI|x86
		Release|Any CPU = Release|Any CPU
		Release|x64 = Release|x64
		Release|x86 = Release|x86
		ReleaseTexunaAPI|Any CPU = ReleaseTexunaAPI|Any CPU
		ReleaseTexunaAPI|x64 = ReleaseTexunaAPI|x64
		ReleaseTexunaAPI|x86 = ReleaseTexunaAPI|x86
	EndGlobalSection
	GlobalSection(ProjectConfigurationPlatforms) = postSolution
		{8C3D6834-3FA1-440A-A396-6489E22E8063}.Debug (QA)|Any CPU.ActiveCfg = Debug (QA)|Any CPU
		{8C3D6834-3FA1-440A-A396-6489E22E8063}.Debug (QA)|Any CPU.Build.0 = Debug (QA)|Any CPU
		{8C3D6834-3FA1-440A-A396-6489E22E8063}.Debug (QA)|x64.ActiveCfg = Debug (QA)|Any CPU
		{8C3D6834-3FA1-440A-A396-6489E22E8063}.Debug (QA)|x64.Build.0 = Debug (QA)|Any CPU
		{8C3D6834-3FA1-440A-A396-6489E22E8063}.Debug (QA)|x86.ActiveCfg = Debug (QA)|Any CPU
		{8C3D6834-3FA1-440A-A396-6489E22E8063}.Debug (QA)|x86.Build.0 = Debug (QA)|Any CPU
		{8C3D6834-3FA1-440A-A396-6489E22E8063}.Debug|Any CPU.ActiveCfg = Debug|Any CPU
		{8C3D6834-3FA1-440A-A396-6489E22E8063}.Debug|Any CPU.Build.0 = Debug|Any CPU
		{8C3D6834-3FA1-440A-A396-6489E22E8063}.Debug|x64.ActiveCfg = Debug|Any CPU
		{8C3D6834-3FA1-440A-A396-6489E22E8063}.Debug|x64.Build.0 = Debug|Any CPU
		{8C3D6834-3FA1-440A-A396-6489E22E8063}.Debug|x86.ActiveCfg = Debug|Any CPU
		{8C3D6834-3FA1-440A-A396-6489E22E8063}.Debug|x86.Build.0 = Debug|Any CPU
		{8C3D6834-3FA1-440A-A396-6489E22E8063}.Debug-TexunaAPI|Any CPU.ActiveCfg = Debug-TexunaAPI|Any CPU
		{8C3D6834-3FA1-440A-A396-6489E22E8063}.Debug-TexunaAPI|Any CPU.Build.0 = Debug-TexunaAPI|Any CPU
		{8C3D6834-3FA1-440A-A396-6489E22E8063}.Debug-TexunaAPI|x64.ActiveCfg = Debug-TexunaAPI|Any CPU
		{8C3D6834-3FA1-440A-A396-6489E22E8063}.Debug-TexunaAPI|x64.Build.0 = Debug-TexunaAPI|Any CPU
		{8C3D6834-3FA1-440A-A396-6489E22E8063}.Debug-TexunaAPI|x86.ActiveCfg = Debug-TexunaAPI|Any CPU
		{8C3D6834-3FA1-440A-A396-6489E22E8063}.Debug-TexunaAPI|x86.Build.0 = Debug-TexunaAPI|Any CPU
		{8C3D6834-3FA1-440A-A396-6489E22E8063}.Release|Any CPU.ActiveCfg = Release|Any CPU
		{8C3D6834-3FA1-440A-A396-6489E22E8063}.Release|Any CPU.Build.0 = Release|Any CPU
		{8C3D6834-3FA1-440A-A396-6489E22E8063}.Release|x64.ActiveCfg = Release|Any CPU
		{8C3D6834-3FA1-440A-A396-6489E22E8063}.Release|x64.Build.0 = Release|Any CPU
		{8C3D6834-3FA1-440A-A396-6489E22E8063}.Release|x86.ActiveCfg = Release|Any CPU
		{8C3D6834-3FA1-440A-A396-6489E22E8063}.Release|x86.Build.0 = Release|Any CPU
		{8C3D6834-3FA1-440A-A396-6489E22E8063}.ReleaseTexunaAPI|Any CPU.ActiveCfg = ReleaseTexunaAPI|Any CPU
		{8C3D6834-3FA1-440A-A396-6489E22E8063}.ReleaseTexunaAPI|Any CPU.Build.0 = ReleaseTexunaAPI|Any CPU
		{8C3D6834-3FA1-440A-A396-6489E22E8063}.ReleaseTexunaAPI|x64.ActiveCfg = ReleaseTexunaAPI|Any CPU
		{8C3D6834-3FA1-440A-A396-6489E22E8063}.ReleaseTexunaAPI|x64.Build.0 = ReleaseTexunaAPI|Any CPU
		{8C3D6834-3FA1-440A-A396-6489E22E8063}.ReleaseTexunaAPI|x86.ActiveCfg = ReleaseTexunaAPI|Any CPU
		{8C3D6834-3FA1-440A-A396-6489E22E8063}.ReleaseTexunaAPI|x86.Build.0 = ReleaseTexunaAPI|Any CPU
		{D605ACE4-2659-48DC-BF21-94E7B8D230DA}.Debug (QA)|Any CPU.ActiveCfg = Debug (QA)|Any CPU
		{D605ACE4-2659-48DC-BF21-94E7B8D230DA}.Debug (QA)|Any CPU.Build.0 = Debug (QA)|Any CPU
		{D605ACE4-2659-48DC-BF21-94E7B8D230DA}.Debug (QA)|x64.ActiveCfg = Debug (QA)|Any CPU
		{D605ACE4-2659-48DC-BF21-94E7B8D230DA}.Debug (QA)|x64.Build.0 = Debug (QA)|Any CPU
		{D605ACE4-2659-48DC-BF21-94E7B8D230DA}.Debug (QA)|x86.ActiveCfg = Debug (QA)|Any CPU
		{D605ACE4-2659-48DC-BF21-94E7B8D230DA}.Debug (QA)|x86.Build.0 = Debug (QA)|Any CPU
		{D605ACE4-2659-48DC-BF21-94E7B8D230DA}.Debug|Any CPU.ActiveCfg = Debug|Any CPU
		{D605ACE4-2659-48DC-BF21-94E7B8D230DA}.Debug|Any CPU.Build.0 = Debug|Any CPU
		{D605ACE4-2659-48DC-BF21-94E7B8D230DA}.Debug|x64.ActiveCfg = Debug|Any CPU
		{D605ACE4-2659-48DC-BF21-94E7B8D230DA}.Debug|x64.Build.0 = Debug|Any CPU
		{D605ACE4-2659-48DC-BF21-94E7B8D230DA}.Debug|x86.ActiveCfg = Debug|Any CPU
		{D605ACE4-2659-48DC-BF21-94E7B8D230DA}.Debug|x86.Build.0 = Debug|Any CPU
		{D605ACE4-2659-48DC-BF21-94E7B8D230DA}.Debug-TexunaAPI|Any CPU.ActiveCfg = Debug-TexunaAPI|Any CPU
		{D605ACE4-2659-48DC-BF21-94E7B8D230DA}.Debug-TexunaAPI|Any CPU.Build.0 = Debug-TexunaAPI|Any CPU
		{D605ACE4-2659-48DC-BF21-94E7B8D230DA}.Debug-TexunaAPI|x64.ActiveCfg = Debug-TexunaAPI|Any CPU
		{D605ACE4-2659-48DC-BF21-94E7B8D230DA}.Debug-TexunaAPI|x64.Build.0 = Debug-TexunaAPI|Any CPU
		{D605ACE4-2659-48DC-BF21-94E7B8D230DA}.Debug-TexunaAPI|x86.ActiveCfg = Debug-TexunaAPI|Any CPU
		{D605ACE4-2659-48DC-BF21-94E7B8D230DA}.Debug-TexunaAPI|x86.Build.0 = Debug-TexunaAPI|Any CPU
		{D605ACE4-2659-48DC-BF21-94E7B8D230DA}.Release|Any CPU.ActiveCfg = Release|Any CPU
		{D605ACE4-2659-48DC-BF21-94E7B8D230DA}.Release|Any CPU.Build.0 = Release|Any CPU
		{D605ACE4-2659-48DC-BF21-94E7B8D230DA}.Release|x64.ActiveCfg = Release|Any CPU
		{D605ACE4-2659-48DC-BF21-94E7B8D230DA}.Release|x64.Build.0 = Release|Any CPU
		{D605ACE4-2659-48DC-BF21-94E7B8D230DA}.Release|x86.ActiveCfg = Release|Any CPU
		{D605ACE4-2659-48DC-BF21-94E7B8D230DA}.Release|x86.Build.0 = Release|Any CPU
		{D605ACE4-2659-48DC-BF21-94E7B8D230DA}.ReleaseTexunaAPI|Any CPU.ActiveCfg = ReleaseTexunaAPI|Any CPU
		{D605ACE4-2659-48DC-BF21-94E7B8D230DA}.ReleaseTexunaAPI|Any CPU.Build.0 = ReleaseTexunaAPI|Any CPU
		{D605ACE4-2659-48DC-BF21-94E7B8D230DA}.ReleaseTexunaAPI|x64.ActiveCfg = ReleaseTexunaAPI|Any CPU
		{D605ACE4-2659-48DC-BF21-94E7B8D230DA}.ReleaseTexunaAPI|x64.Build.0 = ReleaseTexunaAPI|Any CPU
		{D605ACE4-2659-48DC-BF21-94E7B8D230DA}.ReleaseTexunaAPI|x86.ActiveCfg = ReleaseTexunaAPI|Any CPU
		{D605ACE4-2659-48DC-BF21-94E7B8D230DA}.ReleaseTexunaAPI|x86.Build.0 = ReleaseTexunaAPI|Any CPU
		{8E4A0F2B-368F-4C22-8723-7E234A8C46F3}.Debug (QA)|Any CPU.ActiveCfg = Debug (QA)|Any CPU
		{8E4A0F2B-368F-4C22-8723-7E234A8C46F3}.Debug (QA)|Any CPU.Build.0 = Debug (QA)|Any CPU
		{8E4A0F2B-368F-4C22-8723-7E234A8C46F3}.Debug (QA)|x64.ActiveCfg = Debug (QA)|Any CPU
		{8E4A0F2B-368F-4C22-8723-7E234A8C46F3}.Debug (QA)|x64.Build.0 = Debug (QA)|Any CPU
		{8E4A0F2B-368F-4C22-8723-7E234A8C46F3}.Debug (QA)|x86.ActiveCfg = Debug (QA)|Any CPU
		{8E4A0F2B-368F-4C22-8723-7E234A8C46F3}.Debug (QA)|x86.Build.0 = Debug (QA)|Any CPU
		{8E4A0F2B-368F-4C22-8723-7E234A8C46F3}.Debug|Any CPU.ActiveCfg = Debug|Any CPU
		{8E4A0F2B-368F-4C22-8723-7E234A8C46F3}.Debug|Any CPU.Build.0 = Debug|Any CPU
		{8E4A0F2B-368F-4C22-8723-7E234A8C46F3}.Debug|x64.ActiveCfg = Debug|Any CPU
		{8E4A0F2B-368F-4C22-8723-7E234A8C46F3}.Debug|x64.Build.0 = Debug|Any CPU
		{8E4A0F2B-368F-4C22-8723-7E234A8C46F3}.Debug|x86.ActiveCfg = Debug|Any CPU
		{8E4A0F2B-368F-4C22-8723-7E234A8C46F3}.Debug|x86.Build.0 = Debug|Any CPU
		{8E4A0F2B-368F-4C22-8723-7E234A8C46F3}.Debug-TexunaAPI|Any CPU.ActiveCfg = Debug-TexunaAPI|Any CPU
		{8E4A0F2B-368F-4C22-8723-7E234A8C46F3}.Debug-TexunaAPI|Any CPU.Build.0 = Debug-TexunaAPI|Any CPU
		{8E4A0F2B-368F-4C22-8723-7E234A8C46F3}.Debug-TexunaAPI|x64.ActiveCfg = Debug-TexunaAPI|Any CPU
		{8E4A0F2B-368F-4C22-8723-7E234A8C46F3}.Debug-TexunaAPI|x64.Build.0 = Debug-TexunaAPI|Any CPU
		{8E4A0F2B-368F-4C22-8723-7E234A8C46F3}.Debug-TexunaAPI|x86.ActiveCfg = Debug-TexunaAPI|Any CPU
		{8E4A0F2B-368F-4C22-8723-7E234A8C46F3}.Debug-TexunaAPI|x86.Build.0 = Debug-TexunaAPI|Any CPU
		{8E4A0F2B-368F-4C22-8723-7E234A8C46F3}.Release|Any CPU.ActiveCfg = Release|Any CPU
		{8E4A0F2B-368F-4C22-8723-7E234A8C46F3}.Release|Any CPU.Build.0 = Release|Any CPU
		{8E4A0F2B-368F-4C22-8723-7E234A8C46F3}.Release|x64.ActiveCfg = Release|Any CPU
		{8E4A0F2B-368F-4C22-8723-7E234A8C46F3}.Release|x64.Build.0 = Release|Any CPU
		{8E4A0F2B-368F-4C22-8723-7E234A8C46F3}.Release|x86.ActiveCfg = Release|Any CPU
		{8E4A0F2B-368F-4C22-8723-7E234A8C46F3}.Release|x86.Build.0 = Release|Any CPU
		{8E4A0F2B-368F-4C22-8723-7E234A8C46F3}.ReleaseTexunaAPI|Any CPU.ActiveCfg = ReleaseTexunaAPI|Any CPU
		{8E4A0F2B-368F-4C22-8723-7E234A8C46F3}.ReleaseTexunaAPI|Any CPU.Build.0 = ReleaseTexunaAPI|Any CPU
		{8E4A0F2B-368F-4C22-8723-7E234A8C46F3}.ReleaseTexunaAPI|x64.ActiveCfg = ReleaseTexunaAPI|Any CPU
		{8E4A0F2B-368F-4C22-8723-7E234A8C46F3}.ReleaseTexunaAPI|x64.Build.0 = ReleaseTexunaAPI|Any CPU
		{8E4A0F2B-368F-4C22-8723-7E234A8C46F3}.ReleaseTexunaAPI|x86.ActiveCfg = ReleaseTexunaAPI|Any CPU
		{8E4A0F2B-368F-4C22-8723-7E234A8C46F3}.ReleaseTexunaAPI|x86.Build.0 = ReleaseTexunaAPI|Any CPU
		{F32E2A2E-6782-4293-B533-284FF1B17FF6}.Debug (QA)|Any CPU.ActiveCfg = Debug (QA)|Any CPU
		{F32E2A2E-6782-4293-B533-284FF1B17FF6}.Debug (QA)|Any CPU.Build.0 = Debug (QA)|Any CPU
		{F32E2A2E-6782-4293-B533-284FF1B17FF6}.Debug (QA)|x64.ActiveCfg = Debug (QA)|Any CPU
		{F32E2A2E-6782-4293-B533-284FF1B17FF6}.Debug (QA)|x64.Build.0 = Debug (QA)|Any CPU
		{F32E2A2E-6782-4293-B533-284FF1B17FF6}.Debug (QA)|x86.ActiveCfg = Debug (QA)|Any CPU
		{F32E2A2E-6782-4293-B533-284FF1B17FF6}.Debug (QA)|x86.Build.0 = Debug (QA)|Any CPU
		{F32E2A2E-6782-4293-B533-284FF1B17FF6}.Debug|Any CPU.ActiveCfg = Debug|Any CPU
		{F32E2A2E-6782-4293-B533-284FF1B17FF6}.Debug|Any CPU.Build.0 = Debug|Any CPU
		{F32E2A2E-6782-4293-B533-284FF1B17FF6}.Debug|x64.ActiveCfg = Debug|Any CPU
		{F32E2A2E-6782-4293-B533-284FF1B17FF6}.Debug|x64.Build.0 = Debug|Any CPU
		{F32E2A2E-6782-4293-B533-284FF1B17FF6}.Debug|x86.ActiveCfg = Debug|Any CPU
		{F32E2A2E-6782-4293-B533-284FF1B17FF6}.Debug|x86.Build.0 = Debug|Any CPU
		{F32E2A2E-6782-4293-B533-284FF1B17FF6}.Debug-TexunaAPI|Any CPU.ActiveCfg = Debug-TexunaAPI|Any CPU
		{F32E2A2E-6782-4293-B533-284FF1B17FF6}.Debug-TexunaAPI|Any CPU.Build.0 = Debug-TexunaAPI|Any CPU
		{F32E2A2E-6782-4293-B533-284FF1B17FF6}.Debug-TexunaAPI|x64.ActiveCfg = Debug-TexunaAPI|Any CPU
		{F32E2A2E-6782-4293-B533-284FF1B17FF6}.Debug-TexunaAPI|x64.Build.0 = Debug-TexunaAPI|Any CPU
		{F32E2A2E-6782-4293-B533-284FF1B17FF6}.Debug-TexunaAPI|x86.ActiveCfg = Debug-TexunaAPI|Any CPU
		{F32E2A2E-6782-4293-B533-284FF1B17FF6}.Debug-TexunaAPI|x86.Build.0 = Debug-TexunaAPI|Any CPU
		{F32E2A2E-6782-4293-B533-284FF1B17FF6}.Release|Any CPU.ActiveCfg = Release|Any CPU
		{F32E2A2E-6782-4293-B533-284FF1B17FF6}.Release|Any CPU.Build.0 = Release|Any CPU
		{F32E2A2E-6782-4293-B533-284FF1B17FF6}.Release|x64.ActiveCfg = Release|Any CPU
		{F32E2A2E-6782-4293-B533-284FF1B17FF6}.Release|x64.Build.0 = Release|Any CPU
		{F32E2A2E-6782-4293-B533-284FF1B17FF6}.Release|x86.ActiveCfg = Release|Any CPU
		{F32E2A2E-6782-4293-B533-284FF1B17FF6}.Release|x86.Build.0 = Release|Any CPU
		{F32E2A2E-6782-4293-B533-284FF1B17FF6}.ReleaseTexunaAPI|Any CPU.ActiveCfg = ReleaseTexunaAPI|Any CPU
		{F32E2A2E-6782-4293-B533-284FF1B17FF6}.ReleaseTexunaAPI|Any CPU.Build.0 = ReleaseTexunaAPI|Any CPU
		{F32E2A2E-6782-4293-B533-284FF1B17FF6}.ReleaseTexunaAPI|x64.ActiveCfg = ReleaseTexunaAPI|Any CPU
		{F32E2A2E-6782-4293-B533-284FF1B17FF6}.ReleaseTexunaAPI|x64.Build.0 = ReleaseTexunaAPI|Any CPU
		{F32E2A2E-6782-4293-B533-284FF1B17FF6}.ReleaseTexunaAPI|x86.ActiveCfg = ReleaseTexunaAPI|Any CPU
		{F32E2A2E-6782-4293-B533-284FF1B17FF6}.ReleaseTexunaAPI|x86.Build.0 = ReleaseTexunaAPI|Any CPU
		{B42EFCA1-48E9-4C63-9FB3-7BE4D2F22EFB}.Debug (QA)|Any CPU.ActiveCfg = Debug-TexunaAPI|Any CPU
		{B42EFCA1-48E9-4C63-9FB3-7BE4D2F22EFB}.Debug (QA)|Any CPU.Build.0 = Debug-TexunaAPI|Any CPU
		{B42EFCA1-48E9-4C63-9FB3-7BE4D2F22EFB}.Debug (QA)|x64.ActiveCfg = Debug-TexunaAPI|Any CPU
		{B42EFCA1-48E9-4C63-9FB3-7BE4D2F22EFB}.Debug (QA)|x64.Build.0 = Debug-TexunaAPI|Any CPU
		{B42EFCA1-48E9-4C63-9FB3-7BE4D2F22EFB}.Debug (QA)|x86.ActiveCfg = Debug-TexunaAPI|Any CPU
		{B42EFCA1-48E9-4C63-9FB3-7BE4D2F22EFB}.Debug (QA)|x86.Build.0 = Debug-TexunaAPI|Any CPU
		{B42EFCA1-48E9-4C63-9FB3-7BE4D2F22EFB}.Debug|Any CPU.ActiveCfg = Debug|Any CPU
		{B42EFCA1-48E9-4C63-9FB3-7BE4D2F22EFB}.Debug|Any CPU.Build.0 = Debug|Any CPU
		{B42EFCA1-48E9-4C63-9FB3-7BE4D2F22EFB}.Debug|x64.ActiveCfg = Debug|Any CPU
		{B42EFCA1-48E9-4C63-9FB3-7BE4D2F22EFB}.Debug|x64.Build.0 = Debug|Any CPU
		{B42EFCA1-48E9-4C63-9FB3-7BE4D2F22EFB}.Debug|x86.ActiveCfg = Debug|Any CPU
		{B42EFCA1-48E9-4C63-9FB3-7BE4D2F22EFB}.Debug|x86.Build.0 = Debug|Any CPU
		{B42EFCA1-48E9-4C63-9FB3-7BE4D2F22EFB}.Debug-TexunaAPI|Any CPU.ActiveCfg = Debug-TexunaAPI|Any CPU
		{B42EFCA1-48E9-4C63-9FB3-7BE4D2F22EFB}.Debug-TexunaAPI|Any CPU.Build.0 = Debug-TexunaAPI|Any CPU
		{B42EFCA1-48E9-4C63-9FB3-7BE4D2F22EFB}.Debug-TexunaAPI|x64.ActiveCfg = Debug-TexunaAPI|Any CPU
		{B42EFCA1-48E9-4C63-9FB3-7BE4D2F22EFB}.Debug-TexunaAPI|x64.Build.0 = Debug-TexunaAPI|Any CPU
		{B42EFCA1-48E9-4C63-9FB3-7BE4D2F22EFB}.Debug-TexunaAPI|x86.ActiveCfg = Debug-TexunaAPI|Any CPU
		{B42EFCA1-48E9-4C63-9FB3-7BE4D2F22EFB}.Debug-TexunaAPI|x86.Build.0 = Debug-TexunaAPI|Any CPU
		{B42EFCA1-48E9-4C63-9FB3-7BE4D2F22EFB}.Release|Any CPU.ActiveCfg = Release|Any CPU
		{B42EFCA1-48E9-4C63-9FB3-7BE4D2F22EFB}.Release|Any CPU.Build.0 = Release|Any CPU
		{B42EFCA1-48E9-4C63-9FB3-7BE4D2F22EFB}.Release|x64.ActiveCfg = Release|Any CPU
		{B42EFCA1-48E9-4C63-9FB3-7BE4D2F22EFB}.Release|x64.Build.0 = Release|Any CPU
		{B42EFCA1-48E9-4C63-9FB3-7BE4D2F22EFB}.Release|x86.ActiveCfg = Release|Any CPU
		{B42EFCA1-48E9-4C63-9FB3-7BE4D2F22EFB}.Release|x86.Build.0 = Release|Any CPU
		{B42EFCA1-48E9-4C63-9FB3-7BE4D2F22EFB}.ReleaseTexunaAPI|Any CPU.ActiveCfg = ReleaseTexunaAPI|Any CPU
		{B42EFCA1-48E9-4C63-9FB3-7BE4D2F22EFB}.ReleaseTexunaAPI|Any CPU.Build.0 = ReleaseTexunaAPI|Any CPU
		{B42EFCA1-48E9-4C63-9FB3-7BE4D2F22EFB}.ReleaseTexunaAPI|x64.ActiveCfg = ReleaseTexunaAPI|Any CPU
		{B42EFCA1-48E9-4C63-9FB3-7BE4D2F22EFB}.ReleaseTexunaAPI|x64.Build.0 = ReleaseTexunaAPI|Any CPU
		{B42EFCA1-48E9-4C63-9FB3-7BE4D2F22EFB}.ReleaseTexunaAPI|x86.ActiveCfg = ReleaseTexunaAPI|Any CPU
		{B42EFCA1-48E9-4C63-9FB3-7BE4D2F22EFB}.ReleaseTexunaAPI|x86.Build.0 = ReleaseTexunaAPI|Any CPU
		{7BB77B74-4669-44B7-85C0-F7980274C105}.Debug (QA)|Any CPU.ActiveCfg = Debug|Any CPU
		{7BB77B74-4669-44B7-85C0-F7980274C105}.Debug (QA)|Any CPU.Build.0 = Debug|Any CPU
		{7BB77B74-4669-44B7-85C0-F7980274C105}.Debug (QA)|x64.ActiveCfg = Debug|Any CPU
		{7BB77B74-4669-44B7-85C0-F7980274C105}.Debug (QA)|x64.Build.0 = Debug|Any CPU
		{7BB77B74-4669-44B7-85C0-F7980274C105}.Debug (QA)|x86.ActiveCfg = Debug|Any CPU
		{7BB77B74-4669-44B7-85C0-F7980274C105}.Debug (QA)|x86.Build.0 = Debug|Any CPU
		{7BB77B74-4669-44B7-85C0-F7980274C105}.Debug|Any CPU.ActiveCfg = Debug|Any CPU
		{7BB77B74-4669-44B7-85C0-F7980274C105}.Debug|Any CPU.Build.0 = Debug|Any CPU
		{7BB77B74-4669-44B7-85C0-F7980274C105}.Debug|x64.ActiveCfg = Debug|Any CPU
		{7BB77B74-4669-44B7-85C0-F7980274C105}.Debug|x64.Build.0 = Debug|Any CPU
		{7BB77B74-4669-44B7-85C0-F7980274C105}.Debug|x86.ActiveCfg = Debug|Any CPU
		{7BB77B74-4669-44B7-85C0-F7980274C105}.Debug|x86.Build.0 = Debug|Any CPU
		{7BB77B74-4669-44B7-85C0-F7980274C105}.Debug-TexunaAPI|Any CPU.ActiveCfg = Debug|Any CPU
		{7BB77B74-4669-44B7-85C0-F7980274C105}.Debug-TexunaAPI|Any CPU.Build.0 = Debug|Any CPU
		{7BB77B74-4669-44B7-85C0-F7980274C105}.Debug-TexunaAPI|x64.ActiveCfg = Debug|Any CPU
		{7BB77B74-4669-44B7-85C0-F7980274C105}.Debug-TexunaAPI|x64.Build.0 = Debug|Any CPU
		{7BB77B74-4669-44B7-85C0-F7980274C105}.Debug-TexunaAPI|x86.ActiveCfg = Debug|Any CPU
		{7BB77B74-4669-44B7-85C0-F7980274C105}.Debug-TexunaAPI|x86.Build.0 = Debug|Any CPU
		{7BB77B74-4669-44B7-85C0-F7980274C105}.Release|Any CPU.ActiveCfg = Release|Any CPU
		{7BB77B74-4669-44B7-85C0-F7980274C105}.Release|Any CPU.Build.0 = Release|Any CPU
		{7BB77B74-4669-44B7-85C0-F7980274C105}.Release|x64.ActiveCfg = Release|Any CPU
		{7BB77B74-4669-44B7-85C0-F7980274C105}.Release|x64.Build.0 = Release|Any CPU
		{7BB77B74-4669-44B7-85C0-F7980274C105}.Release|x86.ActiveCfg = Release|Any CPU
		{7BB77B74-4669-44B7-85C0-F7980274C105}.Release|x86.Build.0 = Release|Any CPU
		{7BB77B74-4669-44B7-85C0-F7980274C105}.ReleaseTexunaAPI|Any CPU.ActiveCfg = Release|Any CPU
		{7BB77B74-4669-44B7-85C0-F7980274C105}.ReleaseTexunaAPI|Any CPU.Build.0 = Release|Any CPU
		{7BB77B74-4669-44B7-85C0-F7980274C105}.ReleaseTexunaAPI|x64.ActiveCfg = Release|Any CPU
		{7BB77B74-4669-44B7-85C0-F7980274C105}.ReleaseTexunaAPI|x64.Build.0 = Release|Any CPU
		{7BB77B74-4669-44B7-85C0-F7980274C105}.ReleaseTexunaAPI|x86.ActiveCfg = Release|Any CPU
		{7BB77B74-4669-44B7-85C0-F7980274C105}.ReleaseTexunaAPI|x86.Build.0 = Release|Any CPU
		{C40D68A8-5748-4FDA-A82C-8E171FA2EE43}.Debug (QA)|Any CPU.ActiveCfg = Debug|Any CPU
		{C40D68A8-5748-4FDA-A82C-8E171FA2EE43}.Debug (QA)|Any CPU.Build.0 = Debug|Any CPU
		{C40D68A8-5748-4FDA-A82C-8E171FA2EE43}.Debug (QA)|x64.ActiveCfg = Debug|Any CPU
		{C40D68A8-5748-4FDA-A82C-8E171FA2EE43}.Debug (QA)|x64.Build.0 = Debug|Any CPU
		{C40D68A8-5748-4FDA-A82C-8E171FA2EE43}.Debug (QA)|x86.ActiveCfg = Debug|Any CPU
		{C40D68A8-5748-4FDA-A82C-8E171FA2EE43}.Debug (QA)|x86.Build.0 = Debug|Any CPU
		{C40D68A8-5748-4FDA-A82C-8E171FA2EE43}.Debug|Any CPU.ActiveCfg = Debug|Any CPU
		{C40D68A8-5748-4FDA-A82C-8E171FA2EE43}.Debug|Any CPU.Build.0 = Debug|Any CPU
		{C40D68A8-5748-4FDA-A82C-8E171FA2EE43}.Debug|x64.ActiveCfg = Debug|Any CPU
		{C40D68A8-5748-4FDA-A82C-8E171FA2EE43}.Debug|x64.Build.0 = Debug|Any CPU
		{C40D68A8-5748-4FDA-A82C-8E171FA2EE43}.Debug|x86.ActiveCfg = Debug|Any CPU
		{C40D68A8-5748-4FDA-A82C-8E171FA2EE43}.Debug|x86.Build.0 = Debug|Any CPU
		{C40D68A8-5748-4FDA-A82C-8E171FA2EE43}.Debug-TexunaAPI|Any CPU.ActiveCfg = Debug|Any CPU
		{C40D68A8-5748-4FDA-A82C-8E171FA2EE43}.Debug-TexunaAPI|Any CPU.Build.0 = Debug|Any CPU
		{C40D68A8-5748-4FDA-A82C-8E171FA2EE43}.Debug-TexunaAPI|x64.ActiveCfg = Debug|Any CPU
		{C40D68A8-5748-4FDA-A82C-8E171FA2EE43}.Debug-TexunaAPI|x64.Build.0 = Debug|Any CPU
		{C40D68A8-5748-4FDA-A82C-8E171FA2EE43}.Debug-TexunaAPI|x86.ActiveCfg = Debug|Any CPU
		{C40D68A8-5748-4FDA-A82C-8E171FA2EE43}.Debug-TexunaAPI|x86.Build.0 = Debug|Any CPU
		{C40D68A8-5748-4FDA-A82C-8E171FA2EE43}.Release|Any CPU.ActiveCfg = Release|Any CPU
		{C40D68A8-5748-4FDA-A82C-8E171FA2EE43}.Release|Any CPU.Build.0 = Release|Any CPU
		{C40D68A8-5748-4FDA-A82C-8E171FA2EE43}.Release|x64.ActiveCfg = Release|Any CPU
		{C40D68A8-5748-4FDA-A82C-8E171FA2EE43}.Release|x64.Build.0 = Release|Any CPU
		{C40D68A8-5748-4FDA-A82C-8E171FA2EE43}.Release|x86.ActiveCfg = Release|Any CPU
		{C40D68A8-5748-4FDA-A82C-8E171FA2EE43}.Release|x86.Build.0 = Release|Any CPU
		{C40D68A8-5748-4FDA-A82C-8E171FA2EE43}.ReleaseTexunaAPI|Any CPU.ActiveCfg = Release|Any CPU
		{C40D68A8-5748-4FDA-A82C-8E171FA2EE43}.ReleaseTexunaAPI|Any CPU.Build.0 = Release|Any CPU
		{C40D68A8-5748-4FDA-A82C-8E171FA2EE43}.ReleaseTexunaAPI|x64.ActiveCfg = Release|Any CPU
		{C40D68A8-5748-4FDA-A82C-8E171FA2EE43}.ReleaseTexunaAPI|x64.Build.0 = Release|Any CPU
		{C40D68A8-5748-4FDA-A82C-8E171FA2EE43}.ReleaseTexunaAPI|x86.ActiveCfg = Release|Any CPU
		{C40D68A8-5748-4FDA-A82C-8E171FA2EE43}.ReleaseTexunaAPI|x86.Build.0 = Release|Any CPU
		{51BF61CC-040F-4CA4-8571-0B10D56B56B1}.Debug (QA)|Any CPU.ActiveCfg = Debug|Any CPU
		{51BF61CC-040F-4CA4-8571-0B10D56B56B1}.Debug (QA)|Any CPU.Build.0 = Debug|Any CPU
		{51BF61CC-040F-4CA4-8571-0B10D56B56B1}.Debug (QA)|x64.ActiveCfg = Debug|Any CPU
		{51BF61CC-040F-4CA4-8571-0B10D56B56B1}.Debug (QA)|x64.Build.0 = Debug|Any CPU
		{51BF61CC-040F-4CA4-8571-0B10D56B56B1}.Debug (QA)|x86.ActiveCfg = Debug|Any CPU
		{51BF61CC-040F-4CA4-8571-0B10D56B56B1}.Debug (QA)|x86.Build.0 = Debug|Any CPU
		{51BF61CC-040F-4CA4-8571-0B10D56B56B1}.Debug|Any CPU.ActiveCfg = Debug|Any CPU
		{51BF61CC-040F-4CA4-8571-0B10D56B56B1}.Debug|Any CPU.Build.0 = Debug|Any CPU
		{51BF61CC-040F-4CA4-8571-0B10D56B56B1}.Debug|x64.ActiveCfg = Debug|Any CPU
		{51BF61CC-040F-4CA4-8571-0B10D56B56B1}.Debug|x64.Build.0 = Debug|Any CPU
		{51BF61CC-040F-4CA4-8571-0B10D56B56B1}.Debug|x86.ActiveCfg = Debug|Any CPU
		{51BF61CC-040F-4CA4-8571-0B10D56B56B1}.Debug|x86.Build.0 = Debug|Any CPU
		{51BF61CC-040F-4CA4-8571-0B10D56B56B1}.Debug-TexunaAPI|Any CPU.ActiveCfg = Debug|Any CPU
		{51BF61CC-040F-4CA4-8571-0B10D56B56B1}.Debug-TexunaAPI|Any CPU.Build.0 = Debug|Any CPU
		{51BF61CC-040F-4CA4-8571-0B10D56B56B1}.Debug-TexunaAPI|x64.ActiveCfg = Debug|Any CPU
		{51BF61CC-040F-4CA4-8571-0B10D56B56B1}.Debug-TexunaAPI|x64.Build.0 = Debug|Any CPU
		{51BF61CC-040F-4CA4-8571-0B10D56B56B1}.Debug-TexunaAPI|x86.ActiveCfg = Debug|Any CPU
		{51BF61CC-040F-4CA4-8571-0B10D56B56B1}.Debug-TexunaAPI|x86.Build.0 = Debug|Any CPU
		{51BF61CC-040F-4CA4-8571-0B10D56B56B1}.Release|Any CPU.ActiveCfg = Release|Any CPU
		{51BF61CC-040F-4CA4-8571-0B10D56B56B1}.Release|Any CPU.Build.0 = Release|Any CPU
		{51BF61CC-040F-4CA4-8571-0B10D56B56B1}.Release|x64.ActiveCfg = Release|Any CPU
		{51BF61CC-040F-4CA4-8571-0B10D56B56B1}.Release|x64.Build.0 = Release|Any CPU
		{51BF61CC-040F-4CA4-8571-0B10D56B56B1}.Release|x86.ActiveCfg = Release|Any CPU
		{51BF61CC-040F-4CA4-8571-0B10D56B56B1}.Release|x86.Build.0 = Release|Any CPU
		{51BF61CC-040F-4CA4-8571-0B10D56B56B1}.ReleaseTexunaAPI|Any CPU.ActiveCfg = Release|Any CPU
		{51BF61CC-040F-4CA4-8571-0B10D56B56B1}.ReleaseTexunaAPI|Any CPU.Build.0 = Release|Any CPU
		{51BF61CC-040F-4CA4-8571-0B10D56B56B1}.ReleaseTexunaAPI|x64.ActiveCfg = Release|Any CPU
		{51BF61CC-040F-4CA4-8571-0B10D56B56B1}.ReleaseTexunaAPI|x64.Build.0 = Release|Any CPU
		{51BF61CC-040F-4CA4-8571-0B10D56B56B1}.ReleaseTexunaAPI|x86.ActiveCfg = Release|Any CPU
		{51BF61CC-040F-4CA4-8571-0B10D56B56B1}.ReleaseTexunaAPI|x86.Build.0 = Release|Any CPU
		{9708EF96-6579-4C74-A044-7916972BFB07}.Debug (QA)|Any CPU.ActiveCfg = Debug|Any CPU
		{9708EF96-6579-4C74-A044-7916972BFB07}.Debug (QA)|Any CPU.Build.0 = Debug|Any CPU
		{9708EF96-6579-4C74-A044-7916972BFB07}.Debug (QA)|x64.ActiveCfg = Debug|Any CPU
		{9708EF96-6579-4C74-A044-7916972BFB07}.Debug (QA)|x64.Build.0 = Debug|Any CPU
		{9708EF96-6579-4C74-A044-7916972BFB07}.Debug (QA)|x86.ActiveCfg = Debug|Any CPU
		{9708EF96-6579-4C74-A044-7916972BFB07}.Debug (QA)|x86.Build.0 = Debug|Any CPU
		{9708EF96-6579-4C74-A044-7916972BFB07}.Debug|Any CPU.ActiveCfg = Debug|Any CPU
		{9708EF96-6579-4C74-A044-7916972BFB07}.Debug|Any CPU.Build.0 = Debug|Any CPU
		{9708EF96-6579-4C74-A044-7916972BFB07}.Debug|x64.ActiveCfg = Debug|Any CPU
		{9708EF96-6579-4C74-A044-7916972BFB07}.Debug|x64.Build.0 = Debug|Any CPU
		{9708EF96-6579-4C74-A044-7916972BFB07}.Debug|x86.ActiveCfg = Debug|Any CPU
		{9708EF96-6579-4C74-A044-7916972BFB07}.Debug|x86.Build.0 = Debug|Any CPU
		{9708EF96-6579-4C74-A044-7916972BFB07}.Debug-TexunaAPI|Any CPU.ActiveCfg = Debug|Any CPU
		{9708EF96-6579-4C74-A044-7916972BFB07}.Debug-TexunaAPI|Any CPU.Build.0 = Debug|Any CPU
		{9708EF96-6579-4C74-A044-7916972BFB07}.Debug-TexunaAPI|x64.ActiveCfg = Debug|Any CPU
		{9708EF96-6579-4C74-A044-7916972BFB07}.Debug-TexunaAPI|x64.Build.0 = Debug|Any CPU
		{9708EF96-6579-4C74-A044-7916972BFB07}.Debug-TexunaAPI|x86.ActiveCfg = Debug|Any CPU
		{9708EF96-6579-4C74-A044-7916972BFB07}.Debug-TexunaAPI|x86.Build.0 = Debug|Any CPU
		{9708EF96-6579-4C74-A044-7916972BFB07}.Release|Any CPU.ActiveCfg = Release|Any CPU
		{9708EF96-6579-4C74-A044-7916972BFB07}.Release|Any CPU.Build.0 = Release|Any CPU
		{9708EF96-6579-4C74-A044-7916972BFB07}.Release|x64.ActiveCfg = Release|Any CPU
		{9708EF96-6579-4C74-A044-7916972BFB07}.Release|x64.Build.0 = Release|Any CPU
		{9708EF96-6579-4C74-A044-7916972BFB07}.Release|x86.ActiveCfg = Release|Any CPU
		{9708EF96-6579-4C74-A044-7916972BFB07}.Release|x86.Build.0 = Release|Any CPU
		{9708EF96-6579-4C74-A044-7916972BFB07}.ReleaseTexunaAPI|Any CPU.ActiveCfg = Release|Any CPU
		{9708EF96-6579-4C74-A044-7916972BFB07}.ReleaseTexunaAPI|Any CPU.Build.0 = Release|Any CPU
		{9708EF96-6579-4C74-A044-7916972BFB07}.ReleaseTexunaAPI|x64.ActiveCfg = Release|Any CPU
		{9708EF96-6579-4C74-A044-7916972BFB07}.ReleaseTexunaAPI|x64.Build.0 = Release|Any CPU
		{9708EF96-6579-4C74-A044-7916972BFB07}.ReleaseTexunaAPI|x86.ActiveCfg = Release|Any CPU
		{9708EF96-6579-4C74-A044-7916972BFB07}.ReleaseTexunaAPI|x86.Build.0 = Release|Any CPU
		{97624040-4B3F-41E0-9F37-E3F166C38931}.Debug (QA)|Any CPU.ActiveCfg = Debug|Any CPU
		{97624040-4B3F-41E0-9F37-E3F166C38931}.Debug (QA)|Any CPU.Build.0 = Debug|Any CPU
		{97624040-4B3F-41E0-9F37-E3F166C38931}.Debug (QA)|x64.ActiveCfg = Debug|Any CPU
		{97624040-4B3F-41E0-9F37-E3F166C38931}.Debug (QA)|x64.Build.0 = Debug|Any CPU
		{97624040-4B3F-41E0-9F37-E3F166C38931}.Debug (QA)|x86.ActiveCfg = Debug|Any CPU
		{97624040-4B3F-41E0-9F37-E3F166C38931}.Debug (QA)|x86.Build.0 = Debug|Any CPU
		{97624040-4B3F-41E0-9F37-E3F166C38931}.Debug|Any CPU.ActiveCfg = Debug|Any CPU
		{97624040-4B3F-41E0-9F37-E3F166C38931}.Debug|Any CPU.Build.0 = Debug|Any CPU
		{97624040-4B3F-41E0-9F37-E3F166C38931}.Debug|x64.ActiveCfg = Debug|Any CPU
		{97624040-4B3F-41E0-9F37-E3F166C38931}.Debug|x64.Build.0 = Debug|Any CPU
		{97624040-4B3F-41E0-9F37-E3F166C38931}.Debug|x86.ActiveCfg = Debug|Any CPU
		{97624040-4B3F-41E0-9F37-E3F166C38931}.Debug|x86.Build.0 = Debug|Any CPU
		{97624040-4B3F-41E0-9F37-E3F166C38931}.Debug-TexunaAPI|Any CPU.ActiveCfg = Debug|Any CPU
		{97624040-4B3F-41E0-9F37-E3F166C38931}.Debug-TexunaAPI|Any CPU.Build.0 = Debug|Any CPU
		{97624040-4B3F-41E0-9F37-E3F166C38931}.Debug-TexunaAPI|x64.ActiveCfg = Debug|Any CPU
		{97624040-4B3F-41E0-9F37-E3F166C38931}.Debug-TexunaAPI|x64.Build.0 = Debug|Any CPU
		{97624040-4B3F-41E0-9F37-E3F166C38931}.Debug-TexunaAPI|x86.ActiveCfg = Debug|Any CPU
		{97624040-4B3F-41E0-9F37-E3F166C38931}.Debug-TexunaAPI|x86.Build.0 = Debug|Any CPU
		{97624040-4B3F-41E0-9F37-E3F166C38931}.Release|Any CPU.ActiveCfg = Release|Any CPU
		{97624040-4B3F-41E0-9F37-E3F166C38931}.Release|Any CPU.Build.0 = Release|Any CPU
		{97624040-4B3F-41E0-9F37-E3F166C38931}.Release|x64.ActiveCfg = Release|Any CPU
		{97624040-4B3F-41E0-9F37-E3F166C38931}.Release|x64.Build.0 = Release|Any CPU
		{97624040-4B3F-41E0-9F37-E3F166C38931}.Release|x86.ActiveCfg = Release|Any CPU
		{97624040-4B3F-41E0-9F37-E3F166C38931}.Release|x86.Build.0 = Release|Any CPU
		{97624040-4B3F-41E0-9F37-E3F166C38931}.ReleaseTexunaAPI|Any CPU.ActiveCfg = Release|Any CPU
		{97624040-4B3F-41E0-9F37-E3F166C38931}.ReleaseTexunaAPI|Any CPU.Build.0 = Release|Any CPU
		{97624040-4B3F-41E0-9F37-E3F166C38931}.ReleaseTexunaAPI|x64.ActiveCfg = Release|Any CPU
		{97624040-4B3F-41E0-9F37-E3F166C38931}.ReleaseTexunaAPI|x64.Build.0 = Release|Any CPU
		{97624040-4B3F-41E0-9F37-E3F166C38931}.ReleaseTexunaAPI|x86.ActiveCfg = Release|Any CPU
		{97624040-4B3F-41E0-9F37-E3F166C38931}.ReleaseTexunaAPI|x86.Build.0 = Release|Any CPU
		{041CB9C1-ABF4-4FF0-9260-AC63F700704E}.Debug (QA)|Any CPU.ActiveCfg = Debug|Any CPU
		{041CB9C1-ABF4-4FF0-9260-AC63F700704E}.Debug (QA)|Any CPU.Build.0 = Debug|Any CPU
		{041CB9C1-ABF4-4FF0-9260-AC63F700704E}.Debug (QA)|x64.ActiveCfg = Debug|Any CPU
		{041CB9C1-ABF4-4FF0-9260-AC63F700704E}.Debug (QA)|x64.Build.0 = Debug|Any CPU
		{041CB9C1-ABF4-4FF0-9260-AC63F700704E}.Debug (QA)|x86.ActiveCfg = Debug|Any CPU
		{041CB9C1-ABF4-4FF0-9260-AC63F700704E}.Debug (QA)|x86.Build.0 = Debug|Any CPU
		{041CB9C1-ABF4-4FF0-9260-AC63F700704E}.Debug|Any CPU.ActiveCfg = Debug|Any CPU
		{041CB9C1-ABF4-4FF0-9260-AC63F700704E}.Debug|Any CPU.Build.0 = Debug|Any CPU
		{041CB9C1-ABF4-4FF0-9260-AC63F700704E}.Debug|x64.ActiveCfg = Debug|Any CPU
		{041CB9C1-ABF4-4FF0-9260-AC63F700704E}.Debug|x64.Build.0 = Debug|Any CPU
		{041CB9C1-ABF4-4FF0-9260-AC63F700704E}.Debug|x86.ActiveCfg = Debug|Any CPU
		{041CB9C1-ABF4-4FF0-9260-AC63F700704E}.Debug|x86.Build.0 = Debug|Any CPU
		{041CB9C1-ABF4-4FF0-9260-AC63F700704E}.Debug-TexunaAPI|Any CPU.ActiveCfg = Debug|Any CPU
		{041CB9C1-ABF4-4FF0-9260-AC63F700704E}.Debug-TexunaAPI|Any CPU.Build.0 = Debug|Any CPU
		{041CB9C1-ABF4-4FF0-9260-AC63F700704E}.Debug-TexunaAPI|x64.ActiveCfg = Debug|Any CPU
		{041CB9C1-ABF4-4FF0-9260-AC63F700704E}.Debug-TexunaAPI|x64.Build.0 = Debug|Any CPU
		{041CB9C1-ABF4-4FF0-9260-AC63F700704E}.Debug-TexunaAPI|x86.ActiveCfg = Debug|Any CPU
		{041CB9C1-ABF4-4FF0-9260-AC63F700704E}.Debug-TexunaAPI|x86.Build.0 = Debug|Any CPU
		{041CB9C1-ABF4-4FF0-9260-AC63F700704E}.Release|Any CPU.ActiveCfg = Release|Any CPU
		{041CB9C1-ABF4-4FF0-9260-AC63F700704E}.Release|Any CPU.Build.0 = Release|Any CPU
		{041CB9C1-ABF4-4FF0-9260-AC63F700704E}.Release|x64.ActiveCfg = Release|Any CPU
		{041CB9C1-ABF4-4FF0-9260-AC63F700704E}.Release|x64.Build.0 = Release|Any CPU
		{041CB9C1-ABF4-4FF0-9260-AC63F700704E}.Release|x86.ActiveCfg = Release|Any CPU
		{041CB9C1-ABF4-4FF0-9260-AC63F700704E}.Release|x86.Build.0 = Release|Any CPU
		{041CB9C1-ABF4-4FF0-9260-AC63F700704E}.ReleaseTexunaAPI|Any CPU.ActiveCfg = Release|Any CPU
		{041CB9C1-ABF4-4FF0-9260-AC63F700704E}.ReleaseTexunaAPI|Any CPU.Build.0 = Release|Any CPU
		{041CB9C1-ABF4-4FF0-9260-AC63F700704E}.ReleaseTexunaAPI|x64.ActiveCfg = Release|Any CPU
		{041CB9C1-ABF4-4FF0-9260-AC63F700704E}.ReleaseTexunaAPI|x64.Build.0 = Release|Any CPU
		{041CB9C1-ABF4-4FF0-9260-AC63F700704E}.ReleaseTexunaAPI|x86.ActiveCfg = Release|Any CPU
		{041CB9C1-ABF4-4FF0-9260-AC63F700704E}.ReleaseTexunaAPI|x86.Build.0 = Release|Any CPU
		{F1905AE0-B4EC-4F4A-8241-E8EB12249F3A}.Debug (QA)|Any CPU.ActiveCfg = Debug|Any CPU
		{F1905AE0-B4EC-4F4A-8241-E8EB12249F3A}.Debug (QA)|Any CPU.Build.0 = Debug|Any CPU
		{F1905AE0-B4EC-4F4A-8241-E8EB12249F3A}.Debug (QA)|x64.ActiveCfg = Debug|Any CPU
		{F1905AE0-B4EC-4F4A-8241-E8EB12249F3A}.Debug (QA)|x64.Build.0 = Debug|Any CPU
		{F1905AE0-B4EC-4F4A-8241-E8EB12249F3A}.Debug (QA)|x86.ActiveCfg = Debug|Any CPU
		{F1905AE0-B4EC-4F4A-8241-E8EB12249F3A}.Debug (QA)|x86.Build.0 = Debug|Any CPU
		{F1905AE0-B4EC-4F4A-8241-E8EB12249F3A}.Debug|Any CPU.ActiveCfg = Debug|Any CPU
		{F1905AE0-B4EC-4F4A-8241-E8EB12249F3A}.Debug|Any CPU.Build.0 = Debug|Any CPU
		{F1905AE0-B4EC-4F4A-8241-E8EB12249F3A}.Debug|x64.ActiveCfg = Debug|Any CPU
		{F1905AE0-B4EC-4F4A-8241-E8EB12249F3A}.Debug|x64.Build.0 = Debug|Any CPU
		{F1905AE0-B4EC-4F4A-8241-E8EB12249F3A}.Debug|x86.ActiveCfg = Debug|Any CPU
		{F1905AE0-B4EC-4F4A-8241-E8EB12249F3A}.Debug|x86.Build.0 = Debug|Any CPU
		{F1905AE0-B4EC-4F4A-8241-E8EB12249F3A}.Debug-TexunaAPI|Any CPU.ActiveCfg = Debug|Any CPU
		{F1905AE0-B4EC-4F4A-8241-E8EB12249F3A}.Debug-TexunaAPI|Any CPU.Build.0 = Debug|Any CPU
		{F1905AE0-B4EC-4F4A-8241-E8EB12249F3A}.Debug-TexunaAPI|x64.ActiveCfg = Debug|Any CPU
		{F1905AE0-B4EC-4F4A-8241-E8EB12249F3A}.Debug-TexunaAPI|x64.Build.0 = Debug|Any CPU
		{F1905AE0-B4EC-4F4A-8241-E8EB12249F3A}.Debug-TexunaAPI|x86.ActiveCfg = Debug|Any CPU
		{F1905AE0-B4EC-4F4A-8241-E8EB12249F3A}.Debug-TexunaAPI|x86.Build.0 = Debug|Any CPU
		{F1905AE0-B4EC-4F4A-8241-E8EB12249F3A}.Release|Any CPU.ActiveCfg = Release|Any CPU
		{F1905AE0-B4EC-4F4A-8241-E8EB12249F3A}.Release|Any CPU.Build.0 = Release|Any CPU
		{F1905AE0-B4EC-4F4A-8241-E8EB12249F3A}.Release|x64.ActiveCfg = Release|Any CPU
		{F1905AE0-B4EC-4F4A-8241-E8EB12249F3A}.Release|x64.Build.0 = Release|Any CPU
		{F1905AE0-B4EC-4F4A-8241-E8EB12249F3A}.Release|x86.ActiveCfg = Release|Any CPU
		{F1905AE0-B4EC-4F4A-8241-E8EB12249F3A}.Release|x86.Build.0 = Release|Any CPU
		{F1905AE0-B4EC-4F4A-8241-E8EB12249F3A}.ReleaseTexunaAPI|Any CPU.ActiveCfg = Release|Any CPU
		{F1905AE0-B4EC-4F4A-8241-E8EB12249F3A}.ReleaseTexunaAPI|Any CPU.Build.0 = Release|Any CPU
		{F1905AE0-B4EC-4F4A-8241-E8EB12249F3A}.ReleaseTexunaAPI|x64.ActiveCfg = Release|Any CPU
		{F1905AE0-B4EC-4F4A-8241-E8EB12249F3A}.ReleaseTexunaAPI|x64.Build.0 = Release|Any CPU
		{F1905AE0-B4EC-4F4A-8241-E8EB12249F3A}.ReleaseTexunaAPI|x86.ActiveCfg = Release|Any CPU
		{F1905AE0-B4EC-4F4A-8241-E8EB12249F3A}.ReleaseTexunaAPI|x86.Build.0 = Release|Any CPU
	EndGlobalSection
	GlobalSection(SolutionProperties) = preSolution
		HideSolutionNode = FALSE
	EndGlobalSection
	GlobalSection(NestedProjects) = preSolution
		{C40D68A8-5748-4FDA-A82C-8E171FA2EE43} = {F2669A17-B808-472E-ADE7-0BE8E61BDAE3}
		{51BF61CC-040F-4CA4-8571-0B10D56B56B1} = {F2669A17-B808-472E-ADE7-0BE8E61BDAE3}
		{9708EF96-6579-4C74-A044-7916972BFB07} = {F2669A17-B808-472E-ADE7-0BE8E61BDAE3}
		{97624040-4B3F-41E0-9F37-E3F166C38931} = {F2669A17-B808-472E-ADE7-0BE8E61BDAE3}
		{041CB9C1-ABF4-4FF0-9260-AC63F700704E} = {F2669A17-B808-472E-ADE7-0BE8E61BDAE3}
		{F1905AE0-B4EC-4F4A-8241-E8EB12249F3A} = {F2669A17-B808-472E-ADE7-0BE8E61BDAE3}
	EndGlobalSection
	GlobalSection(ExtensibilityGlobals) = postSolution
		SolutionGuid = {D9896917-C379-499C-86CE-4BDEE7283715}
	EndGlobalSection
EndGlobal
